
Microsoft Visual Studio Solution File, Format Version 12.00
# Visual Studio Version 16
VisualStudioVersion = 16.0.31205.134
MinimumVisualStudioVersion = 10.0.40219.1
Project("{FAE04EC0-301F-11D3-BF4B-00C04F79EFBC}") = "WebApi.Backend", "WebApi.Backend\WebApi.Backend.csproj", "{BAE0AC21-9360-46F7-95E1-75EBAB7D0A6E}"
EndProject
Global
	GlobalSection(SolutionConfigurationPlatforms) = preSolution
		Debug|Any CPU = Debug|Any CPU
		Release|Any CPU = Release|Any CPU
	EndGlobalSection
	GlobalSection(ProjectConfigurationPlatforms) = postSolution
		{BAE0AC21-9360-46F7-95E1-75EBAB7D0A6E}.Debug|Any CPU.ActiveCfg = Debug|Any CPU
		{BAE0AC21-9360-46F7-95E1-75EBAB7D0A6E}.Debug|Any CPU.Build.0 = Debug|Any CPU
		{BAE0AC21-9360-46F7-95E1-75EBAB7D0A6E}.Release|Any CPU.ActiveCfg = Release|Any CPU
		{BAE0AC21-9360-46F7-95E1-75EBAB7D0A6E}.Release|Any CPU.Build.0 = Release|Any CPU
	EndGlobalSection
	GlobalSection(SolutionProperties) = preSolution
		HideSolutionNode = FALSE
	EndGlobalSection
	GlobalSection(ExtensibilityGlobals) = postSolution
		SolutionGuid = {5C3FFD72-99C0-470E-AC48-B4AD25F20180}
	EndGlobalSection
EndGlobal
